PODS:
  - JLEasyAttributedString (0.2.1)

DEPENDENCIES:
  - JLEasyAttributedString (from `../`)

EXTERNAL SOURCES:
  JLEasyAttributedString:
    :path: "../"

SPEC CHECKSUMS:
  JLEasyAttributedString: 996c46f55898bb7db18ff50db468fe9c35aa9176

PODFILE CHECKSUM: ff8bc00bf500e491adc8a4e6b577bd1600bdd22b

COCOAPODS: 1.5.3
